
Microsoft Visual Studio Solution File, Format Version 12.00
# Visual Studio Version 17
VisualStudioVersion = 17.0.31903.59
MinimumVisualStudioVersion = 10.0.40219.1
Project("{FAE04EC0-301F-11D3-BF4B-00C04F79EFBC}") = "LibBeta.PrjOne", "src\LibBeta.PrjOne\LibBeta.PrjOne.csproj", "{E834B36D-3B38-438E-9CE6-34A83CB10A64}"
EndProject
Project("{FAE04EC0-301F-11D3-BF4B-00C04F79EFBC}") = "LibBeta.PrjTwo", "src\LibBeta.PrjTwo\LibBeta.PrjTwo.csproj", "{D8211D45-CB9C-47AB-B425-7FB4321B5349}"
EndProject
Global
	GlobalSection(SolutionConfigurationPlatforms) = preSolution
		Debug|Any CPU = Debug|Any CPU
		Release|Any CPU = Release|Any CPU
	EndGlobalSection
	GlobalSection(ProjectConfigurationPlatforms) = postSolution
		{E834B36D-3B38-438E-9CE6-34A83CB10A64}.Debug|Any CPU.ActiveCfg = Debug|Any CPU
		{E834B36D-3B38-438E-9CE6-34A83CB10A64}.Debug|Any CPU.Build.0 = Debug|Any CPU
		{E834B36D-3B38-438E-9CE6-34A83CB10A64}.Release|Any CPU.ActiveCfg = Release|Any CPU
		{E834B36D-3B38-438E-9CE6-34A83CB10A64}.Release|Any CPU.Build.0 = Release|Any CPU
		{D8211D45-CB9C-47AB-B425-7FB4321B5349}.Debug|Any CPU.ActiveCfg = Debug|Any CPU
		{D8211D45-CB9C-47AB-B425-7FB4321B5349}.Debug|Any CPU.Build.0 = Debug|Any CPU
		{D8211D45-CB9C-47AB-B425-7FB4321B5349}.Release|Any CPU.ActiveCfg = Release|Any CPU
		{D8211D45-CB9C-47AB-B425-7FB4321B5349}.Release|Any CPU.Build.0 = Release|Any CPU
	EndGlobalSection
	GlobalSection(SolutionProperties) = preSolution
		HideSolutionNode = FALSE
	EndGlobalSection
	GlobalSection(ExtensibilityGlobals) = postSolution
		SolutionGuid = {A2291C0D-A758-4007-976E-05FAFE538E29}
	EndGlobalSection
EndGlobal
